{
    "name": "@pqina/11ty-tablissimo",
    "version": "0.0.1",
    "lockfileVersion": 2,
    "requires": true,
    "packages": {
        "": {
            "name": "@pqina/11ty-tablissimo",
            "version": "0.0.1",
            "license": "MIT",
            "dependencies": {
                "@pqina/tablissimo": "^0.0.1"
            }
        },
        "node_modules/@pqina/tablissimo": {
            "version": "0.0.1",
            "resolved": "https://registry.npmjs.org/@pqina/tablissimo/-/tablissimo-0.0.1.tgz",
            "integrity": "sha512-rTM8Ga1NLCHs9kpHabkU3UWW51syJpoCKGTVCxXO3NdYovJ3TeNla8NjHBZK1lHiQq60pOUcIn/iYr9p3yOJaw=="
        }
    },
    "dependencies": {
        "@pqina/tablissimo": {
            "version": "0.0.1",
            "resolved": "https://registry.npmjs.org/@pqina/tablissimo/-/tablissimo-0.0.1.tgz",
            "integrity": "sha512-rTM8Ga1NLCHs9kpHabkU3UWW51syJpoCKGTVCxXO3NdYovJ3TeNla8NjHBZK1lHiQq60pOUcIn/iYr9p3yOJaw=="
        }
    }
}
